Microsoft Visual Studio Solution File, Format Version 12.00
# Visual Studio Version 17
VisualStudioVersion = 17.13.35818.85
MinimumVisualStudioVersion = 10.0.40219.1
Project("{00D1A9C2-B5F0-4AF3-8072-F6C62B433612}") = "Pokedex.SqlServerDatabase", "Pokedex.SqlServerDatabase\Pokedex.SqlServerDatabase.sqlproj", "{E7F962EA-1EEA-429F-ADC8-54E7D018DEF6}"
EndProject
Project("{FAE04EC0-301F-11D3-BF4B-00C04F79EFBC}") = "Pokedex.Data.Test", "Pokedex.Data.Test\Pokedex.Data.Test.csproj", "{6E901E81-01B2-4E3A-B633-5B00A5477E27}"
EndProject
Project("{FAE04EC0-301F-11D3-BF4B-00C04F79EFBC}") = "Pokedex.Data", "Pokdex.Data\Pokedex.Data.csproj", "{636B3308-B084-4CDF-BAFE-BD90B6D499DE}"
EndProject
Project("{2150E333-8FDC-42A3-9474-1A3956D46DE8}") = "Solution Items", "Solution Items", "{8EC462FD-D22E-90A8-E5CE-7E832BA40C5D}"
	ProjectSection(SolutionItems) = preProject
		README.txt = README.txt
	EndProjectSection
EndProject
Global
	GlobalSection(SolutionConfigurationPlatforms) = preSolution
		Debug|Any CPU = Debug|Any CPU
		Release|Any CPU = Release|Any CPU
	EndGlobalSection
	GlobalSection(ProjectConfigurationPlatforms) = postSolution
		{E7F962EA-1EEA-429F-ADC8-54E7D018DEF6}.Debug|Any CPU.ActiveCfg = Debug|Any CPU
		{E7F962EA-1EEA-429F-ADC8-54E7D018DEF6}.Debug|Any CPU.Build.0 = Debug|Any CPU
		{E7F962EA-1EEA-429F-ADC8-54E7D018DEF6}.Debug|Any CPU.Deploy.0 = Debug|Any CPU
		{E7F962EA-1EEA-429F-ADC8-54E7D018DEF6}.Release|Any CPU.ActiveCfg = Release|Any CPU
		{E7F962EA-1EEA-429F-ADC8-54E7D018DEF6}.Release|Any CPU.Build.0 = Release|Any CPU
		{E7F962EA-1EEA-429F-ADC8-54E7D018DEF6}.Release|Any CPU.Deploy.0 = Release|Any CPU
		{6E901E81-01B2-4E3A-B633-5B00A5477E27}.Debug|Any CPU.ActiveCfg = Debug|Any CPU
		{6E901E81-01B2-4E3A-B633-5B00A5477E27}.Debug|Any CPU.Build.0 = Debug|Any CPU
		{6E901E81-01B2-4E3A-B633-5B00A5477E27}.Release|Any CPU.ActiveCfg = Release|Any CPU
		{6E901E81-01B2-4E3A-B633-5B00A5477E27}.Release|Any CPU.Build.0 = Release|Any CPU
		{636B3308-B084-4CDF-BAFE-BD90B6D499DE}.Debug|Any CPU.ActiveCfg = Debug|Any CPU
		{636B3308-B084-4CDF-BAFE-BD90B6D499DE}.Debug|Any CPU.Build.0 = Debug|Any CPU
		{636B3308-B084-4CDF-BAFE-BD90B6D499DE}.Release|Any CPU.ActiveCfg = Release|Any CPU
		{636B3308-B084-4CDF-BAFE-BD90B6D499DE}.Release|Any CPU.Build.0 = Release|Any CPU
	EndGlobalSection
	GlobalSection(SolutionProperties) = preSolution
		HideSolutionNode = FALSE
	EndGlobalSection
	GlobalSection(ExtensibilityGlobals) = postSolution
		SolutionGuid = {66D9D62B-F7FB-48C1-A0BA-A316FFA4AAB2}
	EndGlobalSection
EndGlobal
